
Microsoft Visual Studio Solution File, Format Version 12.00
# Visual Studio Version 17
VisualStudioVersion = 17.5.33424.131
MinimumVisualStudioVersion = 10.0.40219.1
Project("{FAE04EC0-301F-11D3-BF4B-00C04F79EFBC}") = "mvcListPractice", "mvcListPractice\mvcListPractice.csproj", "{0D247970-C29F-43E2-AF17-10086718FE84}"
EndProject
Global
	GlobalSection(SolutionConfigurationPlatforms) = preSolution
		Debug|Any CPU = Debug|Any CPU
		Release|Any CPU = Release|Any CPU
	EndGlobalSection
	GlobalSection(ProjectConfigurationPlatforms) = postSolution
		{0D247970-C29F-43E2-AF17-10086718FE84}.Debug|Any CPU.ActiveCfg = Debug|Any CPU
		{0D247970-C29F-43E2-AF17-10086718FE84}.Debug|Any CPU.Build.0 = Debug|Any CPU
		{0D247970-C29F-43E2-AF17-10086718FE84}.Release|Any CPU.ActiveCfg = Release|Any CPU
		{0D247970-C29F-43E2-AF17-10086718FE84}.Release|Any CPU.Build.0 = Release|Any CPU
	EndGlobalSection
	GlobalSection(SolutionProperties) = preSolution
		HideSolutionNode = FALSE
	EndGlobalSection
	GlobalSection(ExtensibilityGlobals) = postSolution
		SolutionGuid = {71C42A80-78D3-4CF7-AC64-2E3E466E7E83}
	EndGlobalSection
EndGlobal
