
Microsoft Visual Studio Solution File, Format Version 12.00
# Visual Studio Version 17
VisualStudioVersion = 17.4.33213.308
MinimumVisualStudioVersion = 10.0.40219.1
Project("{FAE04EC0-301F-11D3-BF4B-00C04F79EFBC}") = "Onur_Hoca_MVC", "Onur_Hoca_MVC\Onur_Hoca_MVC.csproj", "{9664DE9F-C1DC-41F9-8F46-39AB64E4045A}"
EndProject
Global
	GlobalSection(SolutionConfigurationPlatforms) = preSolution
		Debug|Any CPU = Debug|Any CPU
		Release|Any CPU = Release|Any CPU
	EndGlobalSection
	GlobalSection(ProjectConfigurationPlatforms) = postSolution
		{9664DE9F-C1DC-41F9-8F46-39AB64E4045A}.Debug|Any CPU.ActiveCfg = Debug|Any CPU
		{9664DE9F-C1DC-41F9-8F46-39AB64E4045A}.Debug|Any CPU.Build.0 = Debug|Any CPU
		{9664DE9F-C1DC-41F9-8F46-39AB64E4045A}.Release|Any CPU.ActiveCfg = Release|Any CPU
		{9664DE9F-C1DC-41F9-8F46-39AB64E4045A}.Release|Any CPU.Build.0 = Release|Any CPU
	EndGlobalSection
	GlobalSection(SolutionProperties) = preSolution
		HideSolutionNode = FALSE
	EndGlobalSection
	GlobalSection(ExtensibilityGlobals) = postSolution
		SolutionGuid = {E2A2D474-1DE2-447B-B5F0-3601D5F7A80E}
	EndGlobalSection
EndGlobal
