
Microsoft Visual Studio Solution File, Format Version 12.00
# Visual Studio Version 17
VisualStudioVersion = 17.4.33213.308
MinimumVisualStudioVersion = 10.0.40219.1
Project("{FAE04EC0-301F-11D3-BF4B-00C04F79EFBC}") = "Authentication-Identity-Area-Roles", "Authentication-Identity-Area-Roles\Authentication-Identity-Area-Roles.csproj", "{358D9E89-6242-49C9-A92D-BC5E7424FE09}"
EndProject
Global
	GlobalSection(SolutionConfigurationPlatforms) = preSolution
		Debug|Any CPU = Debug|Any CPU
		Release|Any CPU = Release|Any CPU
	EndGlobalSection
	GlobalSection(ProjectConfigurationPlatforms) = postSolution
		{358D9E89-6242-49C9-A92D-BC5E7424FE09}.Debug|Any CPU.ActiveCfg = Debug|Any CPU
		{358D9E89-6242-49C9-A92D-BC5E7424FE09}.Debug|Any CPU.Build.0 = Debug|Any CPU
		{358D9E89-6242-49C9-A92D-BC5E7424FE09}.Release|Any CPU.ActiveCfg = Release|Any CPU
		{358D9E89-6242-49C9-A92D-BC5E7424FE09}.Release|Any CPU.Build.0 = Release|Any CPU
	EndGlobalSection
	GlobalSection(SolutionProperties) = preSolution
		HideSolutionNode = FALSE
	EndGlobalSection
	GlobalSection(ExtensibilityGlobals) = postSolution
		SolutionGuid = {CCB947E3-8055-4BCB-A5FA-F290E6554DFC}
	EndGlobalSection
EndGlobal
